
Microsoft Visual Studio Solution File, Format Version 12.00
# Visual Studio Version 17
VisualStudioVersion = 17.14.36310.24 d17.14
MinimumVisualStudioVersion = 10.0.40219.1
Project("{8BC9CEB8-8B4A-11D0-8D11-00A0C91BC942}") = "siv3d2025", "siv3d2025\siv3d2025.vcxproj", "{AA9F73B6-1BEA-40FB-A7A3-B93C512FE3FD}"
EndProject
Global
	GlobalSection(SolutionConfigurationPlatforms) = preSolution
		Debug|x64 = Debug|x64
		Release|x64 = Release|x64
	EndGlobalSection
	GlobalSection(ProjectConfigurationPlatforms) = postSolution
		{AA9F73B6-1BEA-40FB-A7A3-B93C512FE3FD}.Debug|x64.ActiveCfg = Debug|x64
		{AA9F73B6-1BEA-40FB-A7A3-B93C512FE3FD}.Debug|x64.Build.0 = Debug|x64
		{AA9F73B6-1BEA-40FB-A7A3-B93C512FE3FD}.Release|x64.ActiveCfg = Release|x64
		{AA9F73B6-1BEA-40FB-A7A3-B93C512FE3FD}.Release|x64.Build.0 = Release|x64
	EndGlobalSection
	GlobalSection(SolutionProperties) = preSolution
		HideSolutionNode = FALSE
	EndGlobalSection
	GlobalSection(ExtensibilityGlobals) = postSolution
		SolutionGuid = {7456A599-ED08-4169-B90C-81B6FFA450EE}
	EndGlobalSection
EndGlobal
